<Solution>
  <Folder Name="/src/">
    <Project Path="src/CustomCoreAgentLib/CustomCoreAgentLib.csproj" />
  </Folder>
  <Folder Name="/src/1 - Simple Example/">
    <Project Path="src/SimpleFlow/SimpleFlow.csproj" />
  </Folder>
  <Folder Name="/src/2 - ExecutorsExample/">
    <Project Path="src/ExecutorsExample/ExecutorsExample.csproj" />
  </Folder>
</Solution>
